
Microsoft Visual Studio Solution File, Format Version 12.00
# Visual Studio Version 16
VisualStudioVersion = 16.0.29806.167
MinimumVisualStudioVersion = 10.0.40219.1
Project("{FAE04EC0-301F-11D3-BF4B-00C04F79EFBC}") = "WiiRemote", "WiiRemote.csproj", "{20CC0B8A-701E-4B20-A386-626E4B311459}"
EndProject
Global
	GlobalSection(SolutionConfigurationPlatforms) = preSolution
		Debug|Any CPU = Debug|Any CPU
		Release|Any CPU = Release|Any CPU
	EndGlobalSection
	GlobalSection(ProjectConfigurationPlatforms) = postSolution
		{20CC0B8A-701E-4B20-A386-626E4B311459}.Debug|Any CPU.ActiveCfg = Debug|Any CPU
		{20CC0B8A-701E-4B20-A386-626E4B311459}.Debug|Any CPU.Build.0 = Debug|Any CPU
		{20CC0B8A-701E-4B20-A386-626E4B311459}.Release|Any CPU.ActiveCfg = Release|Any CPU
		{20CC0B8A-701E-4B20-A386-626E4B311459}.Release|Any CPU.Build.0 = Release|Any CPU
	EndGlobalSection
	GlobalSection(SolutionProperties) = preSolution
		HideSolutionNode = FALSE
	EndGlobalSection
	GlobalSection(ExtensibilityGlobals) = postSolution
		SolutionGuid = {AAAD7697-B915-42AB-8009-ED4E98507E22}
	EndGlobalSection
EndGlobal
